{
  "lockfileVersion": 1,
  "configVersion": 1,
  "workspaces": {
    "": {
      "name": "@enhancement/spike-perspective-transformer",
      "dependencies": {
        "@enhancement/ai-providers": "file:../../packages/ai-providers",
        "@enhancement/bus": "file:../../packages/bus",
        "@enhancement/fabric": "file:../../packages/fabric",
        "@enhancement/store": "file:../../packages/store",
        "@enhancement/types": "file:../../packages/types",
        "ulidx": "^2.4.0",
      },
      "devDependencies": {
        "@types/bun": "latest",
        "typescript": "^5.0.0",
      },
    },
  },
  "packages": {
    "@enhancement/ai-providers": ["@enhancement/ai-providers@file:../../packages/ai-providers", { "dependencies": { "@enhancement/config": "file:../config", "@enhancement/types": "file:../types" }, "devDependencies": { "bun-types": "^1.3.11", "typescript": "^5.4.0" } }],

    "@enhancement/bus": ["@enhancement/bus@file:../../packages/bus", { "dependencies": { "@enhancement/types": "file:../types", "ulidx": "^2.4.0" }, "devDependencies": { "@types/bun": "^1.2.0", "typescript": "^5.4.0" } }],

    "@enhancement/fabric": ["@enhancement/fabric@file:../../packages/fabric", { "dependencies": { "@enhancement/ai-providers": "file:../ai-providers", "@enhancement/types": "file:../types" }, "devDependencies": { "bun-types": "^1.3.11", "typescript": "^5.4.0" } }],

    "@enhancement/store": ["@enhancement/store@file:../../packages/store", { "dependencies": { "@enhancement/config": "file:../config", "@enhancement/types": "file:../types", "ulidx": "^2.4.0", "zod": "^3.22.0" }, "devDependencies": { "bun-types": "^1.3.11", "typescript": "^5.4.0" } }],

    "@enhancement/types": ["@enhancement/types@file:../../packages/types", { "dependencies": { "ulidx": "^2.4.0", "zod": "^3.24.0" }, "devDependencies": { "@types/bun": "^1.2.0", "typescript": "^5.4.0" } }],

    "@types/bun": ["@types/bun@1.3.11", "", { "dependencies": { "bun-types": "1.3.11" } }, "sha512-5vPne5QvtpjGpsGYXiFyycfpDF2ECyPcTSsFBMa0fraoxiQyMJ3SmuQIGhzPg2WJuWxVBoxWJ2kClYTcw/4fAg=="],

    "@types/node": ["@types/node@25.5.0", "", { "dependencies": { "undici-types": "~7.18.0" } }, "sha512-jp2P3tQMSxWugkCUKLRPVUpGaL5MVFwF8RDuSRztfwgN1wmqJeMSbKlnEtQqU8UrhTmzEmZdu2I6v2dpp7XIxw=="],

    "bun-types": ["bun-types@1.3.11", "", { "dependencies": { "@types/node": "*" } }, "sha512-1KGPpoxQWl9f6wcZh57LvrPIInQMn2TQ7jsgxqpRzg+l0QPOFvJVH7HmvHo/AiPgwXy+/Thf6Ov3EdVn1vOabg=="],

    "layerr": ["layerr@3.0.0", "", {}, "sha512-tv754Ki2dXpPVApOrjTyRo4/QegVb9eVFq4mjqp4+NM5NaX7syQvN5BBNfV/ZpAHCEHV24XdUVrBAoka4jt3pA=="],

    "typescript": ["typescript@5.9.3", "", { "bin": { "tsc": "bin/tsc", "tsserver": "bin/tsserver" } }, "sha512-jl1vZzPDinLr9eUt3J/t7V6FgNEw9QjvBPdysz9KfQDD41fQrC2Y4vKQdiaUpFT4bXlb1RHhLpp8wtm6M5TgSw=="],

    "ulidx": ["ulidx@2.4.1", "", { "dependencies": { "layerr": "^3.0.0" } }, "sha512-xY7c8LPyzvhvew0Fn+Ek3wBC9STZAuDI/Y5andCKi9AX6/jvfaX45PhsDX8oxgPL0YFp0Jhr8qWMbS/p9375Xg=="],

    "undici-types": ["undici-types@7.18.2", "", {}, "sha512-AsuCzffGHJybSaRrmr5eHr81mwJU3kjw6M+uprWvCXiNeN9SOGwQ3Jn8jb8m3Z6izVgknn1R0FTCEAP2QrLY/w=="],

    "zod": ["zod@3.25.76", "", {}, "sha512-gzUt/qt81nXsFGKIFcC3YnfEAx5NkunCfnDlvuBSSFS02bcXu4Lmea0AFIUwbLWxWPx3d9p8S5QoaujKcNQxcQ=="],

    "@enhancement/ai-providers/@enhancement/config": ["@enhancement/config@file:../../packages/config", {}],

    "@enhancement/ai-providers/@enhancement/types": ["@enhancement/types@file:../../packages/types", {}],

    "@enhancement/bus/@enhancement/types": ["@enhancement/types@file:../../packages/types", {}],

    "@enhancement/fabric/@enhancement/ai-providers": ["@enhancement/ai-providers@file:../../packages/ai-providers", {}],

    "@enhancement/fabric/@enhancement/types": ["@enhancement/types@file:../../packages/types", {}],

    "@enhancement/store/@enhancement/config": ["@enhancement/config@file:../../packages/config", {}],

    "@enhancement/store/@enhancement/types": ["@enhancement/types@file:../../packages/types", {}],
  }
}
